
Microsoft Visual Studio Solution File, Format Version 12.00
# Visual Studio 15
VisualStudioVersion = 15.0.28307.1000
MinimumVisualStudioVersion = 10.0.40219.1
Project("{FAE04EC0-301F-11D3-BF4B-00C04F79EFBC}") = "EntityDBFirst", "EntityDBFirst\EntityDBFirst.csproj", "{A5F32332-BDBA-4B9E-B626-8FB57E7CF288}"
EndProject
Global
	GlobalSection(SolutionConfigurationPlatforms) = preSolution
		Debug|Any CPU = Debug|Any CPU
		Release|Any CPU = Release|Any CPU
	EndGlobalSection
	GlobalSection(ProjectConfigurationPlatforms) = postSolution
		{A5F32332-BDBA-4B9E-B626-8FB57E7CF288}.Debug|Any CPU.ActiveCfg = Debug|Any CPU
		{A5F32332-BDBA-4B9E-B626-8FB57E7CF288}.Debug|Any CPU.Build.0 = Debug|Any CPU
		{A5F32332-BDBA-4B9E-B626-8FB57E7CF288}.Release|Any CPU.ActiveCfg = Release|Any CPU
		{A5F32332-BDBA-4B9E-B626-8FB57E7CF288}.Release|Any CPU.Build.0 = Release|Any CPU
	EndGlobalSection
	GlobalSection(SolutionProperties) = preSolution
		HideSolutionNode = FALSE
	EndGlobalSection
	GlobalSection(ExtensibilityGlobals) = postSolution
		SolutionGuid = {8533C4E7-DB9E-43E1-AAB8-10C3442AC249}
	EndGlobalSection
EndGlobal
